
Microsoft Visual Studio Solution File, Format Version 12.00
# Visual Studio Version 17
VisualStudioVersion = 17.7.34031.279
MinimumVisualStudioVersion = 10.0.40219.1
Project("{9A19103F-16F7-4668-BE54-9A1E7A4F7556}") = "CrmBrusnika", "CrmBrusnika\CrmBrusnika.csproj", "{F383845C-3736-47F3-89C4-C02E733DB626}"
EndProject
Project("{E53339B2-1760-4266-BCC7-CA923CBCF16C}") = "docker-compose", "docker-compose.dcproj", "{82AF6FAF-1DB5-4BFC-8B20-592A0DFD3573}"
EndProject
Global
	GlobalSection(SolutionConfigurationPlatforms) = preSolution
		Debug|Any CPU = Debug|Any CPU
		Release|Any CPU = Release|Any CPU
	EndGlobalSection
	GlobalSection(ProjectConfigurationPlatforms) = postSolution
		{F383845C-3736-47F3-89C4-C02E733DB626}.Debug|Any CPU.ActiveCfg = Debug|Any CPU
		{F383845C-3736-47F3-89C4-C02E733DB626}.Debug|Any CPU.Build.0 = Debug|Any CPU
		{F383845C-3736-47F3-89C4-C02E733DB626}.Release|Any CPU.ActiveCfg = Release|Any CPU
		{F383845C-3736-47F3-89C4-C02E733DB626}.Release|Any CPU.Build.0 = Release|Any CPU
		{82AF6FAF-1DB5-4BFC-8B20-592A0DFD3573}.Debug|Any CPU.ActiveCfg = Debug|Any CPU
		{82AF6FAF-1DB5-4BFC-8B20-592A0DFD3573}.Debug|Any CPU.Build.0 = Debug|Any CPU
		{82AF6FAF-1DB5-4BFC-8B20-592A0DFD3573}.Release|Any CPU.ActiveCfg = Release|Any CPU
		{82AF6FAF-1DB5-4BFC-8B20-592A0DFD3573}.Release|Any CPU.Build.0 = Release|Any CPU
	EndGlobalSection
	GlobalSection(SolutionProperties) = preSolution
		HideSolutionNode = FALSE
	EndGlobalSection
	GlobalSection(ExtensibilityGlobals) = postSolution
		SolutionGuid = {AA9CD8AF-C360-4F60-AE17-5E81E62889E8}
	EndGlobalSection
EndGlobal
